
Microsoft Visual Studio Solution File, Format Version 12.00
# Visual Studio Version 17
VisualStudioVersion = 17.1.32210.238
MinimumVisualStudioVersion = 10.0.40219.1
Project("{FAE04EC0-301F-11D3-BF4B-00C04F79EFBC}") = "HangfireDi", "HangfireDi\HangfireDi.csproj", "{CC7AA76F-89BC-40C8-A44D-D4CCF110A167}"
EndProject
Global
	GlobalSection(SolutionConfigurationPlatforms) = preSolution
		Debug|Any CPU = Debug|Any CPU
		Release|Any CPU = Release|Any CPU
	EndGlobalSection
	GlobalSection(ProjectConfigurationPlatforms) = postSolution
		{CC7AA76F-89BC-40C8-A44D-D4CCF110A167}.Debug|Any CPU.ActiveCfg = Debug|Any CPU
		{CC7AA76F-89BC-40C8-A44D-D4CCF110A167}.Debug|Any CPU.Build.0 = Debug|Any CPU
		{CC7AA76F-89BC-40C8-A44D-D4CCF110A167}.Release|Any CPU.ActiveCfg = Release|Any CPU
		{CC7AA76F-89BC-40C8-A44D-D4CCF110A167}.Release|Any CPU.Build.0 = Release|Any CPU
	EndGlobalSection
	GlobalSection(SolutionProperties) = preSolution
		HideSolutionNode = FALSE
	EndGlobalSection
	GlobalSection(ExtensibilityGlobals) = postSolution
		SolutionGuid = {516A8B00-F442-42A9-BA0F-2CF68391E84C}
	EndGlobalSection
EndGlobal
